// !$*UTF8*$!
{
	archiveVersion = 1;
	classes = {
	};
	objectVersion = 46;
	objects = {

/* Begin PBXBuildFile section */
		AD01E66D1D24768A00751657 /* AppDelegate.swift in Sources */ = {isa = PBXBuildFile; fileRef = AD01E66C1D24768A00751657 /* AppDelegate.swift */; };
		AD01E6741D24768A00751657 /* Main.storyboard in Resources */ = {isa = PBXBuildFile; fileRef = AD01E6721D24768A00751657 /* Main.storyboard */; };
		AD01E6761D24768A00751657 /* Assets.xcassets in Resources */ = {isa = PBXBuildFile; fileRef = AD01E6751D24768A00751657 /* Assets.xcassets */; };
		AD01E6791D24768A00751657 /* LaunchScreen.storyboard in Resources */ = {isa = PBXBuildFile; fileRef = AD01E6771D24768A00751657 /* LaunchScreen.storyboard */; };
		AD01E6871D258CFE00751657 /* Class.swift in Sources */ = {isa = PBXBuildFile; fileRef = AD01E6861D258CFE00751657 /* Class.swift */; };
		AD01E68B1D258F4E00751657 /* ClassViewCell.swift in Sources */ = {isa = PBXBuildFile; fileRef = AD01E68A1D258F4E00751657 /* ClassViewCell.swift */; };
		AD31CFE51D5145C800FA7B43 /* CVCImagePickerExtension.swift in Sources */ = {isa = PBXBuildFile; fileRef = AD31CFE41D5145C800FA7B43 /* CVCImagePickerExtension.swift */; };
		AD31CFE81D525CF400FA7B43 /* ProfileViewController.swift in Sources */ = {isa = PBXBuildFile; fileRef = AD31CFE61D525CF400FA7B43 /* ProfileViewController.swift */; };
		AD31CFE91D525CF400FA7B43 /* ProfileViewController.xib in Resources */ = {isa = PBXBuildFile; fileRef = AD31CFE71D525CF400FA7B43 /* ProfileViewController.xib */; };
		AD52A7811D340BAD003D9D11 /* GoogleService-Info.plist in Resources */ = {isa = PBXBuildFile; fileRef = AD52A7801D340BAD003D9D11 /* GoogleService-Info.plist */; };
		AD885ACD1D4812660072329B /* CustomHeaderCell.swift in Sources */ = {isa = PBXBuildFile; fileRef = AD885ACC1D4812660072329B /* CustomHeaderCell.swift */; };
		AD8F183C1D46969B008B3642 /* ErrorHandling.swift in Sources */ = {isa = PBXBuildFile; fileRef = AD8F18381D46969B008B3642 /* ErrorHandling.swift */; };
		AD8F183D1D46969B008B3642 /* FirebaseHelper.swift in Sources */ = {isa = PBXBuildFile; fileRef = AD8F18391D46969B008B3642 /* FirebaseHelper.swift */; };
		AD8F183E1D46969B008B3642 /* PhotoTakingHelper.swift in Sources */ = {isa = PBXBuildFile; fileRef = AD8F183B1D46969B008B3642 /* PhotoTakingHelper.swift */; };
		AD96F5461D36DCED00038FD7 /* MeasurementHelper.swift in Sources */ = {isa = PBXBuildFile; fileRef = AD96F5451D36DCED00038FD7 /* MeasurementHelper.swift */; };
		ADAA3BAD1D36BB330038EEC4 /* AppState.swift in Sources */ = {isa = PBXBuildFile; fileRef = ADAA3BAC1D36BB330038EEC4 /* AppState.swift */; };
		ADAA3BAF1D36BB480038EEC4 /* Constants.swift in Sources */ = {isa = PBXBuildFile; fileRef = ADAA3BAE1D36BB480038EEC4 /* Constants.swift */; };
		ADAA629A1D35672B0037BCC9 /* LoginViewController.swift in Sources */ = {isa = PBXBuildFile; fileRef = ADAA62991D35672B0037BCC9 /* LoginViewController.swift */; };
		ADAA629C1D356C950037BCC9 /* SignUpViewController.swift in Sources */ = {isa = PBXBuildFile; fileRef = ADAA629B1D356C950037BCC9 /* SignUpViewController.swift */; };
		ADACA1921D398E7500C22DB8 /* File in Resources */ = {isa = PBXBuildFile; fileRef = ADACA1911D398E7500C22DB8 /* File */; };
		ADB3DA561D435175007A56E9 /* FriendSearchViewCell.swift in Sources */ = {isa = PBXBuildFile; fileRef = ADB3DA551D435175007A56E9 /* FriendSearchViewCell.swift */; };
		ADDF00D31D49608400A3FC2E /* SplitSearchTableView.swift in Sources */ = {isa = PBXBuildFile; fileRef = ADDF00D21D49608400A3FC2E /* SplitSearchTableView.swift */; };
		ADDF00D51D4976D400A3FC2E /* CrammateSearchViewCell.swift in Sources */ = {isa = PBXBuildFile; fileRef = ADDF00D41D4976D400A3FC2E /* CrammateSearchViewCell.swift */; };
		ADDF00E21D4C190800A3FC2E /* ClassCreationViewController.swift in Sources */ = {isa = PBXBuildFile; fileRef = ADDF00DA1D4C190800A3FC2E /* ClassCreationViewController.swift */; };
		ADDF00E31D4C190800A3FC2E /* ClassViewController.swift in Sources */ = {isa = PBXBuildFile; fileRef = ADDF00DB1D4C190800A3FC2E /* ClassViewController.swift */; };
		ADDF00E41D4C190800A3FC2E /* CrammateAdditionViewController.swift in Sources */ = {isa = PBXBuildFile; fileRef = ADDF00DC1D4C190800A3FC2E /* CrammateAdditionViewController.swift */; };
		ADDF00E51D4C190800A3FC2E /* FriendsViewController.swift in Sources */ = {isa = PBXBuildFile; fileRef = ADDF00DD1D4C190800A3FC2E /* FriendsViewController.swift */; };
		ADDF00E61D4C190800A3FC2E /* FVCTableDataSource.swift in Sources */ = {isa = PBXBuildFile; fileRef = ADDF00DE1D4C190800A3FC2E /* FVCTableDataSource.swift */; };
		ADDF00E71D4C190800A3FC2E /* MasterViewController.swift in Sources */ = {isa = PBXBuildFile; fileRef = ADDF00DF1D4C190800A3FC2E /* MasterViewController.swift */; };
		ADDF00E91D4C190800A3FC2E /* SelfProfileViewController.swift in Sources */ = {isa = PBXBuildFile; fileRef = ADDF00E11D4C190800A3FC2E /* SelfProfileViewController.swift */; };
		ADDF00EB1D4C193600A3FC2E /* ClassSettingsViewController.swift in Sources */ = {isa = PBXBuildFile; fileRef = ADDF00EA1D4C193600A3FC2E /* ClassSettingsViewController.swift */; };
		ADDF00ED1D50050A00A3FC2E /* MessageCell.swift in Sources */ = {isa = PBXBuildFile; fileRef = ADDF00EC1D50050A00A3FC2E /* MessageCell.swift */; };
		E31B158E72A268104C65A95D /* Pods_crammunity.framework in Frameworks */ = {isa = PBXBuildFile; fileRef = 692D5EFC2CE45CF1E9CE172B /* Pods_crammunity.framework */; };
/* End PBXBuildFile section */

/* Begin PBXFileReference section */
		3B322EF38DBB3BDDADD3403C /* Pods-crammunity.debug.xcconfig */ = {isa = PBXFileReference; includeInIndex = 1; lastKnownFileType = text.xcconfig; name = "Pods-crammunity.debug.xcconfig"; path = "Pods/Target Support Files/Pods-crammunity/Pods-crammunity.debug.xcconfig"; sourceTree = "<group>"; };
		692D5EFC2CE45CF1E9CE172B /* Pods_crammunity.framework */ = {isa = PBXFileReference; explicitFileType = wrapper.framework; includeInIndex = 0; path = Pods_crammunity.framework; sourceTree = BUILT_PRODUCTS_DIR; };
		AD01E6691D24768A00751657 /* crammunity.app */ = {isa = PBXFileReference; explicitFileType = wrapper.application; includeInIndex = 0; path = crammunity.app; sourceTree = BUILT_PRODUCTS_DIR; };
		AD01E66C1D24768A00751657 /* AppDelegate.swift */ = {isa = PBXFileReference; lastKnownFileType = sourcecode.swift; path = AppDelegate.swift; sourceTree = "<group>"; };
		AD01E6731D24768A00751657 /* Base */ = {isa = PBXFileReference; lastKnownFileType = file.storyboard; name = Base; path = Base.lproj/Main.storyboard; sourceTree = "<group>"; };
		AD01E6751D24768A00751657 /* Assets.xcassets */ = {isa = PBXFileReference; lastKnownFileType = folder.assetcatalog; path = Assets.xcassets; sourceTree = "<group>"; };
		AD01E6781D24768A00751657 /* Base */ = {isa = PBXFileReference; lastKnownFileType = file.storyboard; name = Base; path = Base.lproj/LaunchScreen.storyboard; sourceTree = "<group>"; };
		AD01E67A1D24768A00751657 /* Info.plist */ = {isa = PBXFileReference; lastKnownFileType = text.plist.xml; path = Info.plist; sourceTree = "<group>"; };
		AD01E6861D258CFE00751657 /* Class.swift */ = {isa = PBXFileReference; fileEncoding = 4; lastKnownFileType = sourcecode.swift; path = Class.swift; sourceTree = "<group>"; };
		AD01E68A1D258F4E00751657 /* ClassViewCell.swift */ = {isa = PBXFileReference; fileEncoding = 4; lastKnownFileType = sourcecode.swift; path = ClassViewCell.swift; sourceTree = "<group>"; };
		AD31CFE41D5145C800FA7B43 /* CVCImagePickerExtension.swift */ = {isa = PBXFileReference; fileEncoding = 4; lastKnownFileType = sourcecode.swift; path = CVCImagePickerExtension.swift; sourceTree = "<group>"; };
		AD31CFE61D525CF400FA7B43 /* ProfileViewController.swift */ = {isa = PBXFileReference; fileEncoding = 4; lastKnownFileType = sourcecode.swift; path = ProfileViewController.swift; sourceTree = "<group>"; };
		AD31CFE71D525CF400FA7B43 /* ProfileViewController.xib */ = {isa = PBXFileReference; fileEncoding = 4; lastKnownFileType = file.xib; path = ProfileViewController.xib; sourceTree = "<group>"; };
		AD52A7801D340BAD003D9D11 /* GoogleService-Info.plist */ = {isa = PBXFileReference; fileEncoding = 4; lastKnownFileType = text.plist.xml; path = "GoogleService-Info.plist"; sourceTree = "<group>"; };
		AD885ACC1D4812660072329B /* CustomHeaderCell.swift */ = {isa = PBXFileReference; fileEncoding = 4; lastKnownFileType = sourcecode.swift; path = CustomHeaderCell.swift; sourceTree = "<group>"; };
		AD8F18381D46969B008B3642 /* ErrorHandling.swift */ = {isa = PBXFileReference; fileEncoding = 4; lastKnownFileType = sourcecode.swift; path = ErrorHandling.swift; sourceTree = "<group>"; };
		AD8F18391D46969B008B3642 /* FirebaseHelper.swift */ = {isa = PBXFileReference; fileEncoding = 4; lastKnownFileType = sourcecode.swift; path = FirebaseHelper.swift; sourceTree = "<group>"; };
		AD8F183B1D46969B008B3642 /* PhotoTakingHelper.swift */ = {isa = PBXFileReference; fileEncoding = 4; lastKnownFileType = sourcecode.swift; path = PhotoTakingHelper.swift; sourceTree = "<group>"; };
		AD96F5451D36DCED00038FD7 /* MeasurementHelper.swift */ = {isa = PBXFileReference; fileEncoding = 4; lastKnownFileType = sourcecode.swift; path = MeasurementHelper.swift; sourceTree = "<group>"; };
		ADAA3BAC1D36BB330038EEC4 /* AppState.swift */ = {isa = PBXFileReference; fileEncoding = 4; lastKnownFileType = sourcecode.swift; path = AppState.swift; sourceTree = "<group>"; };
		ADAA3BAE1D36BB480038EEC4 /* Constants.swift */ = {isa = PBXFileReference; fileEncoding = 4; lastKnownFileType = sourcecode.swift; name = Constants.swift; path = Models/Constants.swift; sourceTree = "<group>"; };
		ADAA62991D35672B0037BCC9 /* LoginViewController.swift */ = {isa = PBXFileReference; fileEncoding = 4; lastKnownFileType = sourcecode.swift; path = LoginViewController.swift; sourceTree = "<group>"; };
		ADAA629B1D356C950037BCC9 /* SignUpViewController.swift */ = {isa = PBXFileReference; fileEncoding = 4; lastKnownFileType = sourcecode.swift; path = SignUpViewController.swift; sourceTree = "<group>"; };
		ADACA1911D398E7500C22DB8 /* File */ = {isa = PBXFileReference; fileEncoding = 4; lastKnownFileType = text; path = File; sourceTree = "<group>"; };
		ADB3DA551D435175007A56E9 /* FriendSearchViewCell.swift */ = {isa = PBXFileReference; fileEncoding = 4; lastKnownFileType = sourcecode.swift; path = FriendSearchViewCell.swift; sourceTree = "<group>"; };
		ADDF00D21D49608400A3FC2E /* SplitSearchTableView.swift */ = {isa = PBXFileReference; fileEncoding = 4; lastKnownFileType = sourcecode.swift; path = SplitSearchTableView.swift; sourceTree = "<group>"; };
		ADDF00D41D4976D400A3FC2E /* CrammateSearchViewCell.swift */ = {isa = PBXFileReference; fileEncoding = 4; lastKnownFileType = sourcecode.swift; path = CrammateSearchViewCell.swift; sourceTree = "<group>"; };
		ADDF00DA1D4C190800A3FC2E /* ClassCreationViewController.swift */ = {isa = PBXFileReference; fileEncoding = 4; lastKnownFileType = sourcecode.swift; path = ClassCreationViewController.swift; sourceTree = "<group>"; };
		ADDF00DB1D4C190800A3FC2E /* ClassViewController.swift */ = {isa = PBXFileReference; fileEncoding = 4; lastKnownFileType = sourcecode.swift; path = ClassViewController.swift; sourceTree = "<group>"; };
		ADDF00DC1D4C190800A3FC2E /* CrammateAdditionViewController.swift */ = {isa = PBXFileReference; fileEncoding = 4; lastKnownFileType = sourcecode.swift; path = CrammateAdditionViewController.swift; sourceTree = "<group>"; };
		ADDF00DD1D4C190800A3FC2E /* FriendsViewController.swift */ = {isa = PBXFileReference; fileEncoding = 4; lastKnownFileType = sourcecode.swift; path = FriendsViewController.swift; sourceTree = "<group>"; };
		ADDF00DE1D4C190800A3FC2E /* FVCTableDataSource.swift */ = {isa = PBXFileReference; fileEncoding = 4; lastKnownFileType = sourcecode.swift; path = FVCTableDataSource.swift; sourceTree = "<group>"; };
		ADDF00DF1D4C190800A3FC2E /* MasterViewController.swift */ = {isa = PBXFileReference; fileEncoding = 4; lastKnownFileType = sourcecode.swift; path = MasterViewController.swift; sourceTree = "<group>"; };
		ADDF00E11D4C190800A3FC2E /* SelfProfileViewController.swift */ = {isa = PBXFileReference; fileEncoding = 4; lastKnownFileType = sourcecode.swift; path = SelfProfileViewController.swift; sourceTree = "<group>"; };
		ADDF00EA1D4C193600A3FC2E /* ClassSettingsViewController.swift */ = {isa = PBXFileReference; fileEncoding = 4; lastKnownFileType = sourcecode.swift; path = ClassSettingsViewController.swift; sourceTree = "<group>"; };
		ADDF00EC1D50050A00A3FC2E /* MessageCell.swift */ = {isa = PBXFileReference; fileEncoding = 4; lastKnownFileType = sourcecode.swift; path = MessageCell.swift; sourceTree = "<group>"; };
		E89F6B9773580FF5A27F14BB /* Pods-crammunity.release.xcconfig */ = {isa = PBXFileReference; includeInIndex = 1; lastKnownFileType = text.xcconfig; name = "Pods-crammunity.release.xcconfig"; path = "Pods/Target Support Files/Pods-crammunity/Pods-crammunity.release.xcconfig"; sourceTree = "<group>"; };
/* End PBXFileReference section */

/* Begin PBXFrameworksBuildPhase section */
		AD01E6661D24768A00751657 /* Frameworks */ = {
			isa = PBXFrameworksBuildPhase;
			buildActionMask = 2147483647;
			files = (
				E31B158E72A268104C65A95D /* Pods_crammunity.framework in Frameworks */,
			);
			runOnlyForDeploymentPostprocessing = 0;
		};
/* End PBXFrameworksBuildPhase section */

/* Begin PBXGroup section */
		59428670B5DBFC1B98F0F440 /* Frameworks */ = {
			isa = PBXGroup;
			children = (
				692D5EFC2CE45CF1E9CE172B /* Pods_crammunity.framework */,
			);
			name = Frameworks;
			sourceTree = "<group>";
		};
		AD01E6601D24768A00751657 = {
			isa = PBXGroup;
			children = (
				AD01E66B1D24768A00751657 /* crammunity */,
				AD01E66A1D24768A00751657 /* Products */,
				FF8AD4B71AAF6FBF46D3FDE5 /* Pods */,
				59428670B5DBFC1B98F0F440 /* Frameworks */,
			);
			sourceTree = "<group>";
		};
		AD01E66A1D24768A00751657 /* Products */ = {
			isa = PBXGroup;
			children = (
				AD01E6691D24768A00751657 /* crammunity.app */,
			);
			name = Products;
			sourceTree = "<group>";
		};
		AD01E66B1D24768A00751657 /* crammunity */ = {
			isa = PBXGroup;
			children = (
				AD8F18361D46969B008B3642 /* Helpers */,
				AD01E6851D258CD100751657 /* Models */,
				AD01E6821D24784500751657 /* Views */,
				AD01E6901D25941D00751657 /* View Controllers */,
				AD01E66C1D24768A00751657 /* AppDelegate.swift */,
				AD01E6721D24768A00751657 /* Main.storyboard */,
				AD01E6751D24768A00751657 /* Assets.xcassets */,
				AD01E6771D24768A00751657 /* LaunchScreen.storyboard */,
				AD01E67A1D24768A00751657 /* Info.plist */,
				AD52A7801D340BAD003D9D11 /* GoogleService-Info.plist */,
				ADAA3BAE1D36BB480038EEC4 /* Constants.swift */,
				AD96F5451D36DCED00038FD7 /* MeasurementHelper.swift */,
				ADACA1911D398E7500C22DB8 /* File */,
			);
			path = crammunity;
			sourceTree = "<group>";
		};
		AD01E6821D24784500751657 /* Views */ = {
			isa = PBXGroup;
			children = (
				AD01E68A1D258F4E00751657 /* ClassViewCell.swift */,
				ADB3DA551D435175007A56E9 /* FriendSearchViewCell.swift */,
				AD885ACC1D4812660072329B /* CustomHeaderCell.swift */,
				ADDF00D41D4976D400A3FC2E /* CrammateSearchViewCell.swift */,
				ADDF00EC1D50050A00A3FC2E /* MessageCell.swift */,
				AD31CFE61D525CF400FA7B43 /* ProfileViewController.swift */,
				AD31CFE71D525CF400FA7B43 /* ProfileViewController.xib */,
			);
			path = Views;
			sourceTree = "<group>";
		};
		AD01E6851D258CD100751657 /* Models */ = {
			isa = PBXGroup;
			children = (
				AD01E6861D258CFE00751657 /* Class.swift */,
				ADAA3BAC1D36BB330038EEC4 /* AppState.swift */,
				ADDF00D21D49608400A3FC2E /* SplitSearchTableView.swift */,
			);
			path = Models;
			sourceTree = "<group>";
		};
		AD01E6901D25941D00751657 /* View Controllers */ = {
			isa = PBXGroup;
			children = (
				ADDF00D81D4C190800A3FC2E /* Tab Bar */,
				ADAA62991D35672B0037BCC9 /* LoginViewController.swift */,
				ADAA629B1D356C950037BCC9 /* SignUpViewController.swift */,
			);
			path = "View Controllers";
			sourceTree = "<group>";
		};
		AD8F18361D46969B008B3642 /* Helpers */ = {
			isa = PBXGroup;
			children = (
				AD8F18371D46969B008B3642 /* Helpers */,
				AD8F183A1D46969B008B3642 /* PhotoTaking */,
			);
			path = Helpers;
			sourceTree = "<group>";
		};
		AD8F18371D46969B008B3642 /* Helpers */ = {
			isa = PBXGroup;
			children = (
				AD8F18381D46969B008B3642 /* ErrorHandling.swift */,
				AD8F18391D46969B008B3642 /* FirebaseHelper.swift */,
			);
			path = Helpers;
			sourceTree = "<group>";
		};
		AD8F183A1D46969B008B3642 /* PhotoTaking */ = {
			isa = PBXGroup;
			children = (
				AD8F183B1D46969B008B3642 /* PhotoTakingHelper.swift */,
			);
			path = PhotoTaking;
			sourceTree = "<group>";
		};
		ADDF00D81D4C190800A3FC2E /* Tab Bar */ = {
			isa = PBXGroup;
			children = (
				ADDF00D91D4C190800A3FC2E /* Class */,
				ADDF00DD1D4C190800A3FC2E /* FriendsViewController.swift */,
				ADDF00DE1D4C190800A3FC2E /* FVCTableDataSource.swift */,
				ADDF00DF1D4C190800A3FC2E /* MasterViewController.swift */,
				ADDF00E11D4C190800A3FC2E /* SelfProfileViewController.swift */,
			);
			path = "Tab Bar";
			sourceTree = "<group>";
		};
		ADDF00D91D4C190800A3FC2E /* Class */ = {
			isa = PBXGroup;
			children = (
				ADDF00DA1D4C190800A3FC2E /* ClassCreationViewController.swift */,
				ADDF00DB1D4C190800A3FC2E /* ClassViewController.swift */,
				ADDF00DC1D4C190800A3FC2E /* CrammateAdditionViewController.swift */,
				ADDF00EA1D4C193600A3FC2E /* ClassSettingsViewController.swift */,
				AD31CFE41D5145C800FA7B43 /* CVCImagePickerExtension.swift */,
			);
			path = Class;
			sourceTree = "<group>";
		};
		FF8AD4B71AAF6FBF46D3FDE5 /* Pods */ = {
			isa = PBXGroup;
			children = (
				3B322EF38DBB3BDDADD3403C /* Pods-crammunity.debug.xcconfig */,
				E89F6B9773580FF5A27F14BB /* Pods-crammunity.release.xcconfig */,
			);
			name = Pods;
			sourceTree = "<group>";
		};
/* End PBXGroup section */

/* Begin PBXNativeTarget section */
		AD01E6681D24768A00751657 /* crammunity */ = {
			isa = PBXNativeTarget;
			buildConfigurationList = AD01E67D1D24768A00751657 /* Build configuration list for PBXNativeTarget "crammunity" */;
			buildPhases = (
				EE648907FC15DFC121BE797C /* [CP] Check Pods Manifest.lock */,
				AD01E6651D24768A00751657 /* Sources */,
				AD01E6661D24768A00751657 /* Frameworks */,
				AD01E6671D24768A00751657 /* Resources */,
				B2263EC11860482C83C47BA8 /* [CP] Embed Pods Frameworks */,
				B058DB0B98ACA4BE1DFC2BFE /* [CP] Copy Pods Resources */,
			);
			buildRules = (
			);
			dependencies = (
			);
			name = crammunity;
			productName = crammunity;
			productReference = AD01E6691D24768A00751657 /* crammunity.app */;
			productType = "com.apple.product-type.application";
		};
/* End PBXNativeTarget section */

/* Begin PBXProject section */
		AD01E6611D24768A00751657 /* Project object */ = {
			isa = PBXProject;
			attributes = {
				LastSwiftUpdateCheck = 0730;
				LastUpgradeCheck = 0730;
				ORGANIZATIONNAME = orctech;
				TargetAttributes = {
					AD01E6681D24768A00751657 = {
						CreatedOnToolsVersion = 7.3.1;
						DevelopmentTeam = F83KA8FTRJ;
					};
				};
			};
			buildConfigurationList = AD01E6641D24768A00751657 /* Build configuration list for PBXProject "crammunity" */;
			compatibilityVersion = "Xcode 3.2";
			developmentRegion = English;
			hasScannedForEncodings = 0;
			knownRegions = (
				en,
				Base,
			);
			mainGroup = AD01E6601D24768A00751657;
			productRefGroup = AD01E66A1D24768A00751657 /* Products */;
			projectDirPath = "";
			projectRoot = "";
			targets = (
				AD01E6681D24768A00751657 /* crammunity */,
			);
		};
/* End PBXProject section */

/* Begin PBXResourcesBuildPhase section */
		AD01E6671D24768A00751657 /* Resources */ = {
			isa = PBXResourcesBuildPhase;
			buildActionMask = 2147483647;
			files = (
				AD31CFE91D525CF400FA7B43 /* ProfileViewController.xib in Resources */,
				AD01E6791D24768A00751657 /* LaunchScreen.storyboard in Resources */,
				AD52A7811D340BAD003D9D11 /* GoogleService-Info.plist in Resources */,
				AD01E6761D24768A00751657 /* Assets.xcassets in Resources */,
				AD01E6741D24768A00751657 /* Main.storyboard in Resources */,
				ADACA1921D398E7500C22DB8 /* File in Resources */,
			);
			runOnlyForDeploymentPostprocessing = 0;
		};
/* End PBXResourcesBuildPhase section */

/* Begin PBXShellScriptBuildPhase section */
		B058DB0B98ACA4BE1DFC2BFE /* [CP] Copy Pods Resources */ = {
			isa = PBXShellScriptBuildPhase;
			buildActionMask = 2147483647;
			files = (
			);
			inputPaths = (
			);
			name = "[CP] Copy Pods Resources";
			outputPaths = (
			);
			runOnlyForDeploymentPostprocessing = 0;
			shellPath = /bin/sh;
			shellScript = "\"${SRCROOT}/Pods/Target Support Files/Pods-crammunity/Pods-crammunity-resources.sh\"\n";
			showEnvVarsInLog = 0;
		};
		B2263EC11860482C83C47BA8 /* [CP] Embed Pods Frameworks */ = {
			isa = PBXShellScriptBuildPhase;
			buildActionMask = 2147483647;
			files = (
			);
			inputPaths = (
			);
			name = "[CP] Embed Pods Frameworks";
			outputPaths = (
			);
			runOnlyForDeploymentPostprocessing = 0;
			shellPath = /bin/sh;
			shellScript = "\"${SRCROOT}/Pods/Target Support Files/Pods-crammunity/Pods-crammunity-frameworks.sh\"\n";
			showEnvVarsInLog = 0;
		};
		EE648907FC15DFC121BE797C /* [CP] Check Pods Manifest.lock */ = {
			isa = PBXShellScriptBuildPhase;
			buildActionMask = 2147483647;
			files = (
			);
			inputPaths = (
			);
			name = "[CP] Check Pods Manifest.lock";
			outputPaths = (
			);
			runOnlyForDeploymentPostprocessing = 0;
			shellPath = /bin/sh;
			shellScript = "diff \"${PODS_ROOT}/../Podfile.lock\" \"${PODS_ROOT}/Manifest.lock\" > /dev/null\nif [[ $? != 0 ]] ; then\n    cat << EOM\nerror: The sandbox is not in sync with the Podfile.lock. Run 'pod install' or update your CocoaPods installation.\nEOM\n    exit 1\nfi\n";
			showEnvVarsInLog = 0;
		};
/* End PBXShellScriptBuildPhase section */

/* Begin PBXSourcesBuildPhase section */
		AD01E6651D24768A00751657 /* Sources */ = {
			isa = PBXSourcesBuildPhase;
			buildActionMask = 2147483647;
			files = (
				AD885ACD1D4812660072329B /* CustomHeaderCell.swift in Sources */,
				ADAA3BAF1D36BB480038EEC4 /* Constants.swift in Sources */,
				ADDF00E51D4C190800A3FC2E /* FriendsViewController.swift in Sources */,
				AD96F5461D36DCED00038FD7 /* MeasurementHelper.swift in Sources */,
				AD8F183D1D46969B008B3642 /* FirebaseHelper.swift in Sources */,
				AD01E66D1D24768A00751657 /* AppDelegate.swift in Sources */,
				ADDF00E61D4C190800A3FC2E /* FVCTableDataSource.swift in Sources */,
				ADDF00D51D4976D400A3FC2E /* CrammateSearchViewCell.swift in Sources */,
				ADDF00E41D4C190800A3FC2E /* CrammateAdditionViewController.swift in Sources */,
				ADDF00D31D49608400A3FC2E /* SplitSearchTableView.swift in Sources */,
				AD31CFE81D525CF400FA7B43 /* ProfileViewController.swift in Sources */,
				ADDF00EB1D4C193600A3FC2E /* ClassSettingsViewController.swift in Sources */,
				ADDF00E71D4C190800A3FC2E /* MasterViewController.swift in Sources */,
				ADDF00E91D4C190800A3FC2E /* SelfProfileViewController.swift in Sources */,
				ADDF00E31D4C190800A3FC2E /* ClassViewController.swift in Sources */,
				AD01E68B1D258F4E00751657 /* ClassViewCell.swift in Sources */,
				AD01E6871D258CFE00751657 /* Class.swift in Sources */,
				ADAA629C1D356C950037BCC9 /* SignUpViewController.swift in Sources */,
				ADDF00ED1D50050A00A3FC2E /* MessageCell.swift in Sources */,
				AD8F183E1D46969B008B3642 /* PhotoTakingHelper.swift in Sources */,
				AD8F183C1D46969B008B3642 /* ErrorHandling.swift in Sources */,
				AD31CFE51D5145C800FA7B43 /* CVCImagePickerExtension.swift in Sources */,
				ADAA3BAD1D36BB330038EEC4 /* AppState.swift in Sources */,
				ADB3DA561D435175007A56E9 /* FriendSearchViewCell.swift in Sources */,
				ADDF00E21D4C190800A3FC2E /* ClassCreationViewController.swift in Sources */,
				ADAA629A1D35672B0037BCC9 /* LoginViewController.swift in Sources */,
			);
			runOnlyForDeploymentPostprocessing = 0;
		};
/* End PBXSourcesBuildPhase section */

/* Begin PBXVariantGroup section */
		AD01E6721D24768A00751657 /* Main.storyboard */ = {
			isa = PBXVariantGroup;
			children = (
				AD01E6731D24768A00751657 /* Base */,
			);
			name = Main.storyboard;
			sourceTree = "<group>";
		};
		AD01E6771D24768A00751657 /* LaunchScreen.storyboard */ = {
			isa = PBXVariantGroup;
			children = (
				AD01E6781D24768A00751657 /* Base */,
			);
			name = LaunchScreen.storyboard;
			sourceTree = "<group>";
		};
/* End PBXVariantGroup section */

/* Begin XCBuildConfiguration section */
		AD01E67B1D24768A00751657 /* Debug */ = {
			isa = XCBuildConfiguration;
			buildSettings = {
				ALWAYS_SEARCH_USER_PATHS = NO;
				CLANG_ANALYZER_NONNULL = YES;
				CLANG_CXX_LANGUAGE_STANDARD = "gnu++0x";
				CLANG_CXX_LIBRARY = "libc++";
				CLANG_ENABLE_MODULES = YES;
				CLANG_ENABLE_OBJC_ARC = YES;
				CLANG_WARN_BOOL_CONVERSION = YES;
				CLANG_WARN_CONSTANT_CONVERSION = YES;
				CLANG_WARN_DIRECT_OBJC_ISA_USAGE = YES_ERROR;
				CLANG_WARN_EMPTY_BODY = YES;
				CLANG_WARN_ENUM_CONVERSION = YES;
				CLANG_WARN_INT_CONVERSION = YES;
				CLANG_WARN_OBJC_ROOT_CLASS = YES_ERROR;
				CLANG_WARN_UNREACHABLE_CODE = YES;
				CLANG_WARN__DUPLICATE_METHOD_MATCH = YES;
				"CODE_SIGN_IDENTITY[sdk=iphoneos*]" = "iPhone Developer";
				COPY_PHASE_STRIP = NO;
				DEBUG_INFORMATION_FORMAT = dwarf;
				ENABLE_STRICT_OBJC_MSGSEND = YES;
				ENABLE_TESTABILITY = YES;
				GCC_C_LANGUAGE_STANDARD = gnu99;
				GCC_DYNAMIC_NO_PIC = NO;
				GCC_NO_COMMON_BLOCKS = YES;
				GCC_OPTIMIZATION_LEVEL = 0;
				GCC_PREPROCESSOR_DEFINITIONS = (
					"DEBUG=1",
					"$(inherited)",
				);
				GCC_WARN_64_TO_32_BIT_CONVERSION = YES;
				GCC_WARN_ABOUT_RETURN_TYPE = YES_ERROR;
				GCC_WARN_UNDECLARED_SELECTOR = YES;
				GCC_WARN_UNINITIALIZED_AUTOS = YES_AGGRESSIVE;
				GCC_WARN_UNUSED_FUNCTION = YES;
				GCC_WARN_UNUSED_VARIABLE = YES;
				IPHONEOS_DEPLOYMENT_TARGET = 9.3;
				MTL_ENABLE_DEBUG_INFO = YES;
				ONLY_ACTIVE_ARCH = YES;
				SDKROOT = iphoneos;
				SWIFT_OPTIMIZATION_LEVEL = "-Onone";
				TARGETED_DEVICE_FAMILY = "1,2";
			};
			name = Debug;
		};
		AD01E67C1D24768A00751657 /* Release */ = {
			isa = XCBuildConfiguration;
			buildSettings = {
				ALWAYS_SEARCH_USER_PATHS = NO;
				CLANG_ANALYZER_NONNULL = YES;
				CLANG_CXX_LANGUAGE_STANDARD = "gnu++0x";
				CLANG_CXX_LIBRARY = "libc++";
				CLANG_ENABLE_MODULES = YES;
				CLANG_ENABLE_OBJC_ARC = YES;
				CLANG_WARN_BOOL_CONVERSION = YES;
				CLANG_WARN_CONSTANT_CONVERSION = YES;
				CLANG_WARN_DIRECT_OBJC_ISA_USAGE = YES_ERROR;
				CLANG_WARN_EMPTY_BODY = YES;
				CLANG_WARN_ENUM_CONVERSION = YES;
				CLANG_WARN_INT_CONVERSION = YES;
				CLANG_WARN_OBJC_ROOT_CLASS = YES_ERROR;
				CLANG_WARN_UNREACHABLE_CODE = YES;
				CLANG_WARN__DUPLICATE_METHOD_MATCH = YES;
				"CODE_SIGN_IDENTITY[sdk=iphoneos*]" = "iPhone Developer";
				COPY_PHASE_STRIP = NO;
				DEBUG_INFORMATION_FORMAT = "dwarf-with-dsym";
				ENABLE_NS_ASSERTIONS = NO;
				ENABLE_STRICT_OBJC_MSGSEND = YES;
				GCC_C_LANGUAGE_STANDARD = gnu99;
				GCC_NO_COMMON_BLOCKS = YES;
				GCC_WARN_64_TO_32_BIT_CONVERSION = YES;
				GCC_WARN_ABOUT_RETURN_TYPE = YES_ERROR;
				GCC_WARN_UNDECLARED_SELECTOR = YES;
				GCC_WARN_UNINITIALIZED_AUTOS = YES_AGGRESSIVE;
				GCC_WARN_UNUSED_FUNCTION = YES;
				GCC_WARN_UNUSED_VARIABLE = YES;
				IPHONEOS_DEPLOYMENT_TARGET = 9.3;
				MTL_ENABLE_DEBUG_INFO = NO;
				SDKROOT = iphoneos;
				TARGETED_DEVICE_FAMILY = "1,2";
				VALIDATE_PRODUCT = YES;
			};
			name = Release;
		};
		AD01E67E1D24768A00751657 /* Debug */ = {
			isa = XCBuildConfiguration;
			baseConfigurationReference = 3B322EF38DBB3BDDADD3403C /* Pods-crammunity.debug.xcconfig */;
			buildSettings = {
				ASSETCATALOG_COMPILER_APPICON_NAME = AppIcon;
				CODE_SIGN_IDENTITY = "iPhone Developer";
				"CODE_SIGN_IDENTITY[sdk=iphoneos*]" = "iPhone Developer";
				INFOPLIST_FILE = crammunity/Info.plist;
				LD_RUNPATH_SEARCH_PATHS = "$(inherited) @executable_path/Frameworks";
				PRODUCT_BUNDLE_IDENTIFIER = com.orctech.crammunity;
				PRODUCT_NAME = "$(TARGET_NAME)";
				PROVISIONING_PROFILE = "";
			};
			name = Debug;
		};
		AD01E67F1D24768A00751657 /* Release */ = {
			isa = XCBuildConfiguration;
			baseConfigurationReference = E89F6B9773580FF5A27F14BB /* Pods-crammunity.release.xcconfig */;
			buildSettings = {
				ASSETCATALOG_COMPILER_APPICON_NAME = AppIcon;
				CODE_SIGN_IDENTITY = "iPhone Developer";
				"CODE_SIGN_IDENTITY[sdk=iphoneos*]" = "iPhone Developer";
				INFOPLIST_FILE = crammunity/Info.plist;
				LD_RUNPATH_SEARCH_PATHS = "$(inherited) @executable_path/Frameworks";
				PRODUCT_BUNDLE_IDENTIFIER = com.orctech.crammunity;
				PRODUCT_NAME = "$(TARGET_NAME)";
				PROVISIONING_PROFILE = "";
			};
			name = Release;
		};
/* End XCBuildConfiguration section */

/* Begin XCConfigurationList section */
		AD01E6641D24768A00751657 /* Build configuration list for PBXProject "crammunity" */ = {
			isa = XCConfigurationList;
			buildConfigurations = (
				AD01E67B1D24768A00751657 /* Debug */,
				AD01E67C1D24768A00751657 /* Release */,
			);
			defaultConfigurationIsVisible = 0;
			defaultConfigurationName = Release;
		};
		AD01E67D1D24768A00751657 /* Build configuration list for PBXNativeTarget "crammunity" */ = {
			isa = XCConfigurationList;
			buildConfigurations = (
				AD01E67E1D24768A00751657 /* Debug */,
				AD01E67F1D24768A00751657 /* Release */,
			);
			defaultConfigurationIsVisible = 0;
			defaultConfigurationName = Release;
		};
/* End XCConfigurationList section */
	};
	rootObject = AD01E6611D24768A00751657 /* Project object */;
}
